// !$*UTF8*$!
{
	archiveVersion = 1;
	classes = {
	};
	objectVersion = 46;
	objects = {

/* Begin PBXGroup section */
		24CD61A719DAEDB1006C9A8F = {
			isa = PBXGroup;
			children = (
			);
			sourceTree = "<group>";
		};
/* End PBXGroup section */

/* Begin PBXProject section */
		24CD61A819DAEDB1006C9A8F /* Project object */ = {
			isa = PBXProject;
			attributes = {
				LastUpgradeCheck = 0600;
			};
			buildConfigurationList = 24CD61AB19DAEDB1006C9A8F /* Build configuration list for PBXProject "ist-frogger" */;
			compatibilityVersion = "Xcode 3.2";
			developmentRegion = English;
			hasScannedForEncodings = 0;
			knownRegions = (
				en,
			);
			mainGroup = 24CD61A719DAEDB1006C9A8F;
			projectDirPath = "";
			projectRoot = "";
			targets = (
			);
		};
/* End PBXProject section */

/* Begin XCBuildConfiguration section */
		24CD61AC19DAEDB1006C9A8F /* Debug */ = {
			isa = XCBuildConfiguration;
			buildSettings = {
			};
			name = Debug;
		};
		24CD61AD19DAEDB1006C9A8F /* Release */ = {
			isa = XCBuildConfiguration;
			buildSettings = {
			};
			name = Release;
		};
/* End XCBuildConfiguration section */

/* Begin XCConfigurationList section */
		24CD61AB19DAEDB1006C9A8F /* Build configuration list for PBXProject "ist-frogger" */ = {
			isa = XCConfigurationList;
			buildConfigurations = (
				24CD61AC19DAEDB1006C9A8F /* Debug */,
				24CD61AD19DAEDB1006C9A8F /* Release */,
			);
			defaultConfigurationIsVisible = 0;
			defaultConfigurationName = Release;
		};
/* End XCConfigurationList section */
	};
	rootObject = 24CD61A819DAEDB1006C9A8F /* Project object */;
}
